
Microsoft Visual Studio Solution File, Format Version 12.00
# Visual Studio Version 17
VisualStudioVersion = 17.8.34316.72
MinimumVisualStudioVersion = 10.0.40219.1
Project("{9A19103F-16F7-4668-BE54-9A1E7A4F7556}") = "FirebirdBackupManager", "FirebirdBackupManager\FirebirdBackupManager.csproj", "{4F57F0F8-84EB-4D32-BEBA-CC4563258829}"
EndProject
Project("{9A19103F-16F7-4668-BE54-9A1E7A4F7556}") = "CommonClassLibrary", "CommonClassLibrary\CommonClassLibrary.csproj", "{DC5C2E1B-2896-43E4-89E8-D86604986C21}"
EndProject
Project("{9A19103F-16F7-4668-BE54-9A1E7A4F7556}") = "TaskWorker", "TaskWorker\TaskWorker.csproj", "{42560451-85D7-4F75-ADDE-0EC118B66828}"
EndProject
Global
	GlobalSection(SolutionConfigurationPlatforms) = preSolution
		Debug|Any CPU = Debug|Any CPU
		Debug|x86 = Debug|x86
		Release|Any CPU = Release|Any CPU
		Release|x86 = Release|x86
	EndGlobalSection
	GlobalSection(ProjectConfigurationPlatforms) = postSolution
		{4F57F0F8-84EB-4D32-BEBA-CC4563258829}.Debug|Any CPU.ActiveCfg = Debug|Any CPU
		{4F57F0F8-84EB-4D32-BEBA-CC4563258829}.Debug|Any CPU.Build.0 = Debug|Any CPU
		{4F57F0F8-84EB-4D32-BEBA-CC4563258829}.Debug|x86.ActiveCfg = Debug|x86
		{4F57F0F8-84EB-4D32-BEBA-CC4563258829}.Debug|x86.Build.0 = Debug|x86
		{4F57F0F8-84EB-4D32-BEBA-CC4563258829}.Release|Any CPU.ActiveCfg = Release|Any CPU
		{4F57F0F8-84EB-4D32-BEBA-CC4563258829}.Release|Any CPU.Build.0 = Release|Any CPU
		{4F57F0F8-84EB-4D32-BEBA-CC4563258829}.Release|x86.ActiveCfg = Release|x86
		{4F57F0F8-84EB-4D32-BEBA-CC4563258829}.Release|x86.Build.0 = Release|x86
		{DC5C2E1B-2896-43E4-89E8-D86604986C21}.Debug|Any CPU.ActiveCfg = Debug|Any CPU
		{DC5C2E1B-2896-43E4-89E8-D86604986C21}.Debug|Any CPU.Build.0 = Debug|Any CPU
		{DC5C2E1B-2896-43E4-89E8-D86604986C21}.Debug|x86.ActiveCfg = Debug|Any CPU
		{DC5C2E1B-2896-43E4-89E8-D86604986C21}.Debug|x86.Build.0 = Debug|Any CPU
		{DC5C2E1B-2896-43E4-89E8-D86604986C21}.Release|Any CPU.ActiveCfg = Release|Any CPU
		{DC5C2E1B-2896-43E4-89E8-D86604986C21}.Release|Any CPU.Build.0 = Release|Any CPU
		{DC5C2E1B-2896-43E4-89E8-D86604986C21}.Release|x86.ActiveCfg = Release|Any CPU
		{DC5C2E1B-2896-43E4-89E8-D86604986C21}.Release|x86.Build.0 = Release|Any CPU
		{42560451-85D7-4F75-ADDE-0EC118B66828}.Debug|Any CPU.ActiveCfg = Debug|Any CPU
		{42560451-85D7-4F75-ADDE-0EC118B66828}.Debug|Any CPU.Build.0 = Debug|Any CPU
		{42560451-85D7-4F75-ADDE-0EC118B66828}.Debug|x86.ActiveCfg = Debug|Any CPU
		{42560451-85D7-4F75-ADDE-0EC118B66828}.Debug|x86.Build.0 = Debug|Any CPU
		{42560451-85D7-4F75-ADDE-0EC118B66828}.Release|Any CPU.ActiveCfg = Release|Any CPU
		{42560451-85D7-4F75-ADDE-0EC118B66828}.Release|Any CPU.Build.0 = Release|Any CPU
		{42560451-85D7-4F75-ADDE-0EC118B66828}.Release|x86.ActiveCfg = Release|Any CPU
		{42560451-85D7-4F75-ADDE-0EC118B66828}.Release|x86.Build.0 = Release|Any CPU
	EndGlobalSection
	GlobalSection(SolutionProperties) = preSolution
		HideSolutionNode = FALSE
	EndGlobalSection
	GlobalSection(ExtensibilityGlobals) = postSolution
		SolutionGuid = {54D6A42C-92E6-4547-83E8-1B60C7A9456C}
	EndGlobalSection
EndGlobal
